
Microsoft Visual Studio Solution File, Format Version 12.00
# Visual Studio 15
VisualStudioVersion = 15.0.26228.9
MinimumVisualStudioVersion = 10.0.40219.1
Project("{FAE04EC0-301F-11D3-BF4B-00C04F79EFBC}") = "gabGolf.Mobile.Android", "gabGolf.Mobile\gabGolf.Mobile.Android\gabGolf.Mobile.Android.csproj", "{33988C00-8EB2-4D7C-A74D-F813C4D7751B}"
EndProject
Project("{FAE04EC0-301F-11D3-BF4B-00C04F79EFBC}") = "gabGolf.Mobile", "gabGolf.Mobile\gabGolf.Mobile\gabGolf.Mobile.csproj", "{00B85619-6419-4010-978C-D26665098D88}"
EndProject
Project("{FAE04EC0-301F-11D3-BF4B-00C04F79EFBC}") = "gabGolf.Mobile.UWP", "gabGolf.Mobile\gabGolf.Mobile.UWP\gabGolf.Mobile.UWP.csproj", "{B69F521C-068C-4012-ADAE-D5521CD214D2}"
EndProject
Project("{FAE04EC0-301F-11D3-BF4B-00C04F79EFBC}") = "gabGolf.Mobile.iOS", "gabGolf.Mobile\gabGolf.Mobile.iOS\gabGolf.Mobile.iOS.csproj", "{56E665BA-82F2-48F8-8C7B-94004AD49C0C}"
EndProject
Global
	GlobalSection(SolutionConfigurationPlatforms) = preSolution
		Ad-Hoc|Any CPU = Ad-Hoc|Any CPU
		Ad-Hoc|ARM = Ad-Hoc|ARM
		Ad-Hoc|iPhone = Ad-Hoc|iPhone
		Ad-Hoc|iPhoneSimulator = Ad-Hoc|iPhoneSimulator
		Ad-Hoc|x64 = Ad-Hoc|x64
		Ad-Hoc|x86 = Ad-Hoc|x86
		AppStore|Any CPU = AppStore|Any CPU
		AppStore|ARM = AppStore|ARM
		AppStore|iPhone = AppStore|iPhone
		AppStore|iPhoneSimulator = AppStore|iPhoneSimulator
		AppStore|x64 = AppStore|x64
		AppStore|x86 = AppStore|x86
		Debug|Any CPU = Debug|Any CPU
		Debug|ARM = Debug|ARM
		Debug|iPhone = Debug|iPhone
		Debug|iPhoneSimulator = Debug|iPhoneSimulator
		Debug|x64 = Debug|x64
		Debug|x86 = Debug|x86
		Release|Any CPU = Release|Any CPU
		Release|ARM = Release|ARM
		Release|iPhone = Release|iPhone
		Release|iPhoneSimulator = Release|iPhoneSimulator
		Release|x64 = Release|x64
		Release|x86 = Release|x86
	EndGlobalSection
	GlobalSection(ProjectConfigurationPlatforms) = postSolution
		{33988C00-8EB2-4D7C-A74D-F813C4D7751B}.Ad-Hoc|Any CPU.ActiveCfg = Release|Any CPU
		{33988C00-8EB2-4D7C-A74D-F813C4D7751B}.Ad-Hoc|Any CPU.Build.0 = Release|Any CPU
		{33988C00-8EB2-4D7C-A74D-F813C4D7751B}.Ad-Hoc|Any CPU.Deploy.0 = Release|Any CPU
		{33988C00-8EB2-4D7C-A74D-F813C4D7751B}.Ad-Hoc|ARM.ActiveCfg = Release|Any CPU
		{33988C00-8EB2-4D7C-A74D-F813C4D7751B}.Ad-Hoc|ARM.Build.0 = Release|Any CPU
		{33988C00-8EB2-4D7C-A74D-F813C4D7751B}.Ad-Hoc|ARM.Deploy.0 = Release|Any CPU
		{33988C00-8EB2-4D7C-A74D-F813C4D7751B}.Ad-Hoc|iPhone.ActiveCfg = Release|Any CPU
		{33988C00-8EB2-4D7C-A74D-F813C4D7751B}.Ad-Hoc|iPhone.Build.0 = Release|Any CPU
		{33988C00-8EB2-4D7C-A74D-F813C4D7751B}.Ad-Hoc|iPhone.Deploy.0 = Release|Any CPU
		{33988C00-8EB2-4D7C-A74D-F813C4D7751B}.Ad-Hoc|iPhoneSimulator.ActiveCfg = Release|Any CPU
		{33988C00-8EB2-4D7C-A74D-F813C4D7751B}.Ad-Hoc|iPhoneSimulator.Build.0 = Release|Any CPU
		{33988C00-8EB2-4D7C-A74D-F813C4D7751B}.Ad-Hoc|iPhoneSimulator.Deploy.0 = Release|Any CPU
		{33988C00-8EB2-4D7C-A74D-F813C4D7751B}.Ad-Hoc|x64.ActiveCfg = Release|Any CPU
		{33988C00-8EB2-4D7C-A74D-F813C4D7751B}.Ad-Hoc|x64.Build.0 = Release|Any CPU
		{33988C00-8EB2-4D7C-A74D-F813C4D7751B}.Ad-Hoc|x64.Deploy.0 = Release|Any CPU
		{33988C00-8EB2-4D7C-A74D-F813C4D7751B}.Ad-Hoc|x86.ActiveCfg = Release|Any CPU
		{33988C00-8EB2-4D7C-A74D-F813C4D7751B}.Ad-Hoc|x86.Build.0 = Release|Any CPU
		{33988C00-8EB2-4D7C-A74D-F813C4D7751B}.Ad-Hoc|x86.Deploy.0 = Release|Any CPU
		{33988C00-8EB2-4D7C-A74D-F813C4D7751B}.AppStore|Any CPU.ActiveCfg = Release|Any CPU
		{33988C00-8EB2-4D7C-A74D-F813C4D7751B}.AppStore|Any CPU.Build.0 = Release|Any CPU
		{33988C00-8EB2-4D7C-A74D-F813C4D7751B}.AppStore|Any CPU.Deploy.0 = Release|Any CPU
		{33988C00-8EB2-4D7C-A74D-F813C4D7751B}.AppStore|ARM.ActiveCfg = Release|Any CPU
		{33988C00-8EB2-4D7C-A74D-F813C4D7751B}.AppStore|ARM.Build.0 = Release|Any CPU
		{33988C00-8EB2-4D7C-A74D-F813C4D7751B}.AppStore|ARM.Deploy.0 = Release|Any CPU
		{33988C00-8EB2-4D7C-A74D-F813C4D7751B}.AppStore|iPhone.ActiveCfg = Release|Any CPU
		{33988C00-8EB2-4D7C-A74D-F813C4D7751B}.AppStore|iPhone.Build.0 = Release|Any CPU
		{33988C00-8EB2-4D7C-A74D-F813C4D7751B}.AppStore|iPhone.Deploy.0 = Release|Any CPU
		{33988C00-8EB2-4D7C-A74D-F813C4D7751B}.AppStore|iPhoneSimulator.ActiveCfg = Release|Any CPU
		{33988C00-8EB2-4D7C-A74D-F813C4D7751B}.AppStore|iPhoneSimulator.Build.0 = Release|Any CPU
		{33988C00-8EB2-4D7C-A74D-F813C4D7751B}.AppStore|iPhoneSimulator.Deploy.0 = Release|Any CPU
		{33988C00-8EB2-4D7C-A74D-F813C4D7751B}.AppStore|x64.ActiveCfg = Release|Any CPU
		{33988C00-8EB2-4D7C-A74D-F813C4D7751B}.AppStore|x64.Build.0 = Release|Any CPU
		{33988C00-8EB2-4D7C-A74D-F813C4D7751B}.AppStore|x64.Deploy.0 = Release|Any CPU
		{33988C00-8EB2-4D7C-A74D-F813C4D7751B}.AppStore|x86.ActiveCfg = Release|Any CPU
		{33988C00-8EB2-4D7C-A74D-F813C4D7751B}.AppStore|x86.Build.0 = Release|Any CPU
		{33988C00-8EB2-4D7C-A74D-F813C4D7751B}.AppStore|x86.Deploy.0 = Release|Any CPU
		{33988C00-8EB2-4D7C-A74D-F813C4D7751B}.Debug|Any CPU.ActiveCfg = Debug|Any CPU
		{33988C00-8EB2-4D7C-A74D-F813C4D7751B}.Debug|Any CPU.Build.0 = Debug|Any CPU
		{33988C00-8EB2-4D7C-A74D-F813C4D7751B}.Debug|Any CPU.Deploy.0 = Debug|Any CPU
		{33988C00-8EB2-4D7C-A74D-F813C4D7751B}.Debug|ARM.ActiveCfg = Debug|Any CPU
		{33988C00-8EB2-4D7C-A74D-F813C4D7751B}.Debug|ARM.Build.0 = Debug|Any CPU
		{33988C00-8EB2-4D7C-A74D-F813C4D7751B}.Debug|ARM.Deploy.0 = Debug|Any CPU
		{33988C00-8EB2-4D7C-A74D-F813C4D7751B}.Debug|iPhone.ActiveCfg = Debug|Any CPU
		{33988C00-8EB2-4D7C-A74D-F813C4D7751B}.Debug|iPhone.Build.0 = Debug|Any CPU
		{33988C00-8EB2-4D7C-A74D-F813C4D7751B}.Debug|iPhone.Deploy.0 = Debug|Any CPU
		{33988C00-8EB2-4D7C-A74D-F813C4D7751B}.Debug|iPhoneSimulator.ActiveCfg = Debug|Any CPU
		{33988C00-8EB2-4D7C-A74D-F813C4D7751B}.Debug|iPhoneSimulator.Build.0 = Debug|Any CPU
		{33988C00-8EB2-4D7C-A74D-F813C4D7751B}.Debug|iPhoneSimulator.Deploy.0 = Debug|Any CPU
		{33988C00-8EB2-4D7C-A74D-F813C4D7751B}.Debug|x64.ActiveCfg = Debug|Any CPU
		{33988C00-8EB2-4D7C-A74D-F813C4D7751B}.Debug|x64.Build.0 = Debug|Any CPU
		{33988C00-8EB2-4D7C-A74D-F813C4D7751B}.Debug|x64.Deploy.0 = Debug|Any CPU
		{33988C00-8EB2-4D7C-A74D-F813C4D7751B}.Debug|x86.ActiveCfg = Debug|Any CPU
		{33988C00-8EB2-4D7C-A74D-F813C4D7751B}.Debug|x86.Build.0 = Debug|Any CPU
		{33988C00-8EB2-4D7C-A74D-F813C4D7751B}.Debug|x86.Deploy.0 = Debug|Any CPU
		{33988C00-8EB2-4D7C-A74D-F813C4D7751B}.Release|Any CPU.ActiveCfg = Release|Any CPU
		{33988C00-8EB2-4D7C-A74D-F813C4D7751B}.Release|Any CPU.Build.0 = Release|Any CPU
		{33988C00-8EB2-4D7C-A74D-F813C4D7751B}.Release|Any CPU.Deploy.0 = Release|Any CPU
		{33988C00-8EB2-4D7C-A74D-F813C4D7751B}.Release|ARM.ActiveCfg = Release|Any CPU
		{33988C00-8EB2-4D7C-A74D-F813C4D7751B}.Release|ARM.Build.0 = Release|Any CPU
		{33988C00-8EB2-4D7C-A74D-F813C4D7751B}.Release|ARM.Deploy.0 = Release|Any CPU
		{33988C00-8EB2-4D7C-A74D-F813C4D7751B}.Release|iPhone.ActiveCfg = Release|Any CPU
		{33988C00-8EB2-4D7C-A74D-F813C4D7751B}.Release|iPhone.Build.0 = Release|Any CPU
		{33988C00-8EB2-4D7C-A74D-F813C4D7751B}.Release|iPhone.Deploy.0 = Release|Any CPU
		{33988C00-8EB2-4D7C-A74D-F813C4D7751B}.Release|iPhoneSimulator.ActiveCfg = Release|Any CPU
		{33988C00-8EB2-4D7C-A74D-F813C4D7751B}.Release|iPhoneSimulator.Build.0 = Release|Any CPU
		{33988C00-8EB2-4D7C-A74D-F813C4D7751B}.Release|iPhoneSimulator.Deploy.0 = Release|Any CPU
		{33988C00-8EB2-4D7C-A74D-F813C4D7751B}.Release|x64.ActiveCfg = Release|Any CPU
		{33988C00-8EB2-4D7C-A74D-F813C4D7751B}.Release|x64.Build.0 = Release|Any CPU
		{33988C00-8EB2-4D7C-A74D-F813C4D7751B}.Release|x64.Deploy.0 = Release|Any CPU
		{33988C00-8EB2-4D7C-A74D-F813C4D7751B}.Release|x86.ActiveCfg = Release|Any CPU
		{33988C00-8EB2-4D7C-A74D-F813C4D7751B}.Release|x86.Build.0 = Release|Any CPU
		{33988C00-8EB2-4D7C-A74D-F813C4D7751B}.Release|x86.Deploy.0 = Release|Any CPU
		{00B85619-6419-4010-978C-D26665098D88}.Ad-Hoc|Any CPU.ActiveCfg = Release|Any CPU
		{00B85619-6419-4010-978C-D26665098D88}.Ad-Hoc|Any CPU.Build.0 = Release|Any CPU
		{00B85619-6419-4010-978C-D26665098D88}.Ad-Hoc|ARM.ActiveCfg = Release|Any CPU
		{00B85619-6419-4010-978C-D26665098D88}.Ad-Hoc|ARM.Build.0 = Release|Any CPU
		{00B85619-6419-4010-978C-D26665098D88}.Ad-Hoc|iPhone.ActiveCfg = Release|Any CPU
		{00B85619-6419-4010-978C-D26665098D88}.Ad-Hoc|iPhone.Build.0 = Release|Any CPU
		{00B85619-6419-4010-978C-D26665098D88}.Ad-Hoc|iPhoneSimulator.ActiveCfg = Release|Any CPU
		{00B85619-6419-4010-978C-D26665098D88}.Ad-Hoc|iPhoneSimulator.Build.0 = Release|Any CPU
		{00B85619-6419-4010-978C-D26665098D88}.Ad-Hoc|x64.ActiveCfg = Release|Any CPU
		{00B85619-6419-4010-978C-D26665098D88}.Ad-Hoc|x64.Build.0 = Release|Any CPU
		{00B85619-6419-4010-978C-D26665098D88}.Ad-Hoc|x86.ActiveCfg = Release|Any CPU
		{00B85619-6419-4010-978C-D26665098D88}.Ad-Hoc|x86.Build.0 = Release|Any CPU
		{00B85619-6419-4010-978C-D26665098D88}.AppStore|Any CPU.ActiveCfg = Release|Any CPU
		{00B85619-6419-4010-978C-D26665098D88}.AppStore|Any CPU.Build.0 = Release|Any CPU
		{00B85619-6419-4010-978C-D26665098D88}.AppStore|ARM.ActiveCfg = Release|Any CPU
		{00B85619-6419-4010-978C-D26665098D88}.AppStore|ARM.Build.0 = Release|Any CPU
		{00B85619-6419-4010-978C-D26665098D88}.AppStore|iPhone.ActiveCfg = Release|Any CPU
		{00B85619-6419-4010-978C-D26665098D88}.AppStore|iPhone.Build.0 = Release|Any CPU
		{00B85619-6419-4010-978C-D26665098D88}.AppStore|iPhoneSimulator.ActiveCfg = Release|Any CPU
		{00B85619-6419-4010-978C-D26665098D88}.AppStore|iPhoneSimulator.Build.0 = Release|Any CPU
		{00B85619-6419-4010-978C-D26665098D88}.AppStore|x64.ActiveCfg = Release|Any CPU
		{00B85619-6419-4010-978C-D26665098D88}.AppStore|x64.Build.0 = Release|Any CPU
		{00B85619-6419-4010-978C-D26665098D88}.AppStore|x86.ActiveCfg = Release|Any CPU
		{00B85619-6419-4010-978C-D26665098D88}.AppStore|x86.Build.0 = Release|Any CPU
		{00B85619-6419-4010-978C-D26665098D88}.Debug|Any CPU.ActiveCfg = Debug|Any CPU
		{00B85619-6419-4010-978C-D26665098D88}.Debug|Any CPU.Build.0 = Debug|Any CPU
		{00B85619-6419-4010-978C-D26665098D88}.Debug|ARM.ActiveCfg = Debug|Any CPU
		{00B85619-6419-4010-978C-D26665098D88}.Debug|ARM.Build.0 = Debug|Any CPU
		{00B85619-6419-4010-978C-D26665098D88}.Debug|iPhone.ActiveCfg = Debug|Any CPU
		{00B85619-6419-4010-978C-D26665098D88}.Debug|iPhone.Build.0 = Debug|Any CPU
		{00B85619-6419-4010-978C-D26665098D88}.Debug|iPhoneSimulator.ActiveCfg = Debug|Any CPU
		{00B85619-6419-4010-978C-D26665098D88}.Debug|iPhoneSimulator.Build.0 = Debug|Any CPU
		{00B85619-6419-4010-978C-D26665098D88}.Debug|x64.ActiveCfg = Debug|Any CPU
		{00B85619-6419-4010-978C-D26665098D88}.Debug|x64.Build.0 = Debug|Any CPU
		{00B85619-6419-4010-978C-D26665098D88}.Debug|x86.ActiveCfg = Debug|Any CPU
		{00B85619-6419-4010-978C-D26665098D88}.Debug|x86.Build.0 = Debug|Any CPU
		{00B85619-6419-4010-978C-D26665098D88}.Release|Any CPU.ActiveCfg = Release|Any CPU
		{00B85619-6419-4010-978C-D26665098D88}.Release|Any CPU.Build.0 = Release|Any CPU
		{00B85619-6419-4010-978C-D26665098D88}.Release|ARM.ActiveCfg = Release|Any CPU
		{00B85619-6419-4010-978C-D26665098D88}.Release|ARM.Build.0 = Release|Any CPU
		{00B85619-6419-4010-978C-D26665098D88}.Release|iPhone.ActiveCfg = Release|Any CPU
		{00B85619-6419-4010-978C-D26665098D88}.Release|iPhone.Build.0 = Release|Any CPU
		{00B85619-6419-4010-978C-D26665098D88}.Release|iPhoneSimulator.ActiveCfg = Release|Any CPU
		{00B85619-6419-4010-978C-D26665098D88}.Release|iPhoneSimulator.Build.0 = Release|Any CPU
		{00B85619-6419-4010-978C-D26665098D88}.Release|x64.ActiveCfg = Release|Any CPU
		{00B85619-6419-4010-978C-D26665098D88}.Release|x64.Build.0 = Release|Any CPU
		{00B85619-6419-4010-978C-D26665098D88}.Release|x86.ActiveCfg = Release|Any CPU
		{00B85619-6419-4010-978C-D26665098D88}.Release|x86.Build.0 = Release|Any CPU
		{B69F521C-068C-4012-ADAE-D5521CD214D2}.Ad-Hoc|Any CPU.ActiveCfg = Release|x86
		{B69F521C-068C-4012-ADAE-D5521CD214D2}.Ad-Hoc|Any CPU.Build.0 = Release|x86
		{B69F521C-068C-4012-ADAE-D5521CD214D2}.Ad-Hoc|Any CPU.Deploy.0 = Release|x86
		{B69F521C-068C-4012-ADAE-D5521CD214D2}.Ad-Hoc|ARM.ActiveCfg = Release|ARM
		{B69F521C-068C-4012-ADAE-D5521CD214D2}.Ad-Hoc|ARM.Build.0 = Release|ARM
		{B69F521C-068C-4012-ADAE-D5521CD214D2}.Ad-Hoc|ARM.Deploy.0 = Release|ARM
		{B69F521C-068C-4012-ADAE-D5521CD214D2}.Ad-Hoc|iPhone.ActiveCfg = Release|x86
		{B69F521C-068C-4012-ADAE-D5521CD214D2}.Ad-Hoc|iPhone.Build.0 = Release|x86
		{B69F521C-068C-4012-ADAE-D5521CD214D2}.Ad-Hoc|iPhone.Deploy.0 = Release|x86
		{B69F521C-068C-4012-ADAE-D5521CD214D2}.Ad-Hoc|iPhoneSimulator.ActiveCfg = Release|x86
		{B69F521C-068C-4012-ADAE-D5521CD214D2}.Ad-Hoc|iPhoneSimulator.Build.0 = Release|x86
		{B69F521C-068C-4012-ADAE-D5521CD214D2}.Ad-Hoc|iPhoneSimulator.Deploy.0 = Release|x86
		{B69F521C-068C-4012-ADAE-D5521CD214D2}.Ad-Hoc|x64.ActiveCfg = Release|x64
		{B69F521C-068C-4012-ADAE-D5521CD214D2}.Ad-Hoc|x64.Build.0 = Release|x64
		{B69F521C-068C-4012-ADAE-D5521CD214D2}.Ad-Hoc|x64.Deploy.0 = Release|x64
		{B69F521C-068C-4012-ADAE-D5521CD214D2}.Ad-Hoc|x86.ActiveCfg = Release|x86
		{B69F521C-068C-4012-ADAE-D5521CD214D2}.Ad-Hoc|x86.Build.0 = Release|x86
		{B69F521C-068C-4012-ADAE-D5521CD214D2}.Ad-Hoc|x86.Deploy.0 = Release|x86
		{B69F521C-068C-4012-ADAE-D5521CD214D2}.AppStore|Any CPU.ActiveCfg = Release|x86
		{B69F521C-068C-4012-ADAE-D5521CD214D2}.AppStore|Any CPU.Build.0 = Release|x86
		{B69F521C-068C-4012-ADAE-D5521CD214D2}.AppStore|Any CPU.Deploy.0 = Release|x86
		{B69F521C-068C-4012-ADAE-D5521CD214D2}.AppStore|ARM.ActiveCfg = Release|ARM
		{B69F521C-068C-4012-ADAE-D5521CD214D2}.AppStore|ARM.Build.0 = Release|ARM
		{B69F521C-068C-4012-ADAE-D5521CD214D2}.AppStore|ARM.Deploy.0 = Release|ARM
		{B69F521C-068C-4012-ADAE-D5521CD214D2}.AppStore|iPhone.ActiveCfg = Release|x86
		{B69F521C-068C-4012-ADAE-D5521CD214D2}.AppStore|iPhone.Build.0 = Release|x86
		{B69F521C-068C-4012-ADAE-D5521CD214D2}.AppStore|iPhone.Deploy.0 = Release|x86
		{B69F521C-068C-4012-ADAE-D5521CD214D2}.AppStore|iPhoneSimulator.ActiveCfg = Release|x86
		{B69F521C-068C-4012-ADAE-D5521CD214D2}.AppStore|iPhoneSimulator.Build.0 = Release|x86
		{B69F521C-068C-4012-ADAE-D5521CD214D2}.AppStore|iPhoneSimulator.Deploy.0 = Release|x86
		{B69F521C-068C-4012-ADAE-D5521CD214D2}.AppStore|x64.ActiveCfg = Release|x64
		{B69F521C-068C-4012-ADAE-D5521CD214D2}.AppStore|x64.Build.0 = Release|x64
		{B69F521C-068C-4012-ADAE-D5521CD214D2}.AppStore|x64.Deploy.0 = Release|x64
		{B69F521C-068C-4012-ADAE-D5521CD214D2}.AppStore|x86.ActiveCfg = Release|x86
		{B69F521C-068C-4012-ADAE-D5521CD214D2}.AppStore|x86.Build.0 = Release|x86
		{B69F521C-068C-4012-ADAE-D5521CD214D2}.AppStore|x86.Deploy.0 = Release|x86
		{B69F521C-068C-4012-ADAE-D5521CD214D2}.Debug|Any CPU.ActiveCfg = Debug|x86
		{B69F521C-068C-4012-ADAE-D5521CD214D2}.Debug|Any CPU.Build.0 = Debug|x86
		{B69F521C-068C-4012-ADAE-D5521CD214D2}.Debug|Any CPU.Deploy.0 = Debug|x86
		{B69F521C-068C-4012-ADAE-D5521CD214D2}.Debug|ARM.ActiveCfg = Debug|ARM
		{B69F521C-068C-4012-ADAE-D5521CD214D2}.Debug|ARM.Build.0 = Debug|ARM
		{B69F521C-068C-4012-ADAE-D5521CD214D2}.Debug|ARM.Deploy.0 = Debug|ARM
		{B69F521C-068C-4012-ADAE-D5521CD214D2}.Debug|iPhone.ActiveCfg = Debug|x86
		{B69F521C-068C-4012-ADAE-D5521CD214D2}.Debug|iPhoneSimulator.ActiveCfg = Debug|x86
		{B69F521C-068C-4012-ADAE-D5521CD214D2}.Debug|x64.ActiveCfg = Debug|x64
		{B69F521C-068C-4012-ADAE-D5521CD214D2}.Debug|x64.Build.0 = Debug|x64
		{B69F521C-068C-4012-ADAE-D5521CD214D2}.Debug|x64.Deploy.0 = Debug|x64
		{B69F521C-068C-4012-ADAE-D5521CD214D2}.Debug|x86.ActiveCfg = Debug|x86
		{B69F521C-068C-4012-ADAE-D5521CD214D2}.Debug|x86.Build.0 = Debug|x86
		{B69F521C-068C-4012-ADAE-D5521CD214D2}.Debug|x86.Deploy.0 = Debug|x86
		{B69F521C-068C-4012-ADAE-D5521CD214D2}.Release|Any CPU.ActiveCfg = Release|x86
		{B69F521C-068C-4012-ADAE-D5521CD214D2}.Release|ARM.ActiveCfg = Release|ARM
		{B69F521C-068C-4012-ADAE-D5521CD214D2}.Release|ARM.Build.0 = Release|ARM
		{B69F521C-068C-4012-ADAE-D5521CD214D2}.Release|ARM.Deploy.0 = Release|ARM
		{B69F521C-068C-4012-ADAE-D5521CD214D2}.Release|iPhone.ActiveCfg = Release|x86
		{B69F521C-068C-4012-ADAE-D5521CD214D2}.Release|iPhoneSimulator.ActiveCfg = Release|x86
		{B69F521C-068C-4012-ADAE-D5521CD214D2}.Release|x64.ActiveCfg = Release|x64
		{B69F521C-068C-4012-ADAE-D5521CD214D2}.Release|x64.Build.0 = Release|x64
		{B69F521C-068C-4012-ADAE-D5521CD214D2}.Release|x64.Deploy.0 = Release|x64
		{B69F521C-068C-4012-ADAE-D5521CD214D2}.Release|x86.ActiveCfg = Release|x86
		{B69F521C-068C-4012-ADAE-D5521CD214D2}.Release|x86.Build.0 = Release|x86
		{B69F521C-068C-4012-ADAE-D5521CD214D2}.Release|x86.Deploy.0 = Release|x86
		{56E665BA-82F2-48F8-8C7B-94004AD49C0C}.Ad-Hoc|Any CPU.ActiveCfg = Ad-Hoc|iPhone
		{56E665BA-82F2-48F8-8C7B-94004AD49C0C}.Ad-Hoc|ARM.ActiveCfg = Ad-Hoc|iPhone
		{56E665BA-82F2-48F8-8C7B-94004AD49C0C}.Ad-Hoc|iPhone.ActiveCfg = Ad-Hoc|iPhone
		{56E665BA-82F2-48F8-8C7B-94004AD49C0C}.Ad-Hoc|iPhone.Build.0 = Ad-Hoc|iPhone
		{56E665BA-82F2-48F8-8C7B-94004AD49C0C}.Ad-Hoc|iPhoneSimulator.ActiveCfg = Ad-Hoc|iPhoneSimulator
		{56E665BA-82F2-48F8-8C7B-94004AD49C0C}.Ad-Hoc|iPhoneSimulator.Build.0 = Ad-Hoc|iPhoneSimulator
		{56E665BA-82F2-48F8-8C7B-94004AD49C0C}.Ad-Hoc|x64.ActiveCfg = Ad-Hoc|iPhone
		{56E665BA-82F2-48F8-8C7B-94004AD49C0C}.Ad-Hoc|x86.ActiveCfg = Ad-Hoc|iPhone
		{56E665BA-82F2-48F8-8C7B-94004AD49C0C}.AppStore|Any CPU.ActiveCfg = AppStore|iPhone
		{56E665BA-82F2-48F8-8C7B-94004AD49C0C}.AppStore|ARM.ActiveCfg = AppStore|iPhone
		{56E665BA-82F2-48F8-8C7B-94004AD49C0C}.AppStore|iPhone.ActiveCfg = AppStore|iPhone
		{56E665BA-82F2-48F8-8C7B-94004AD49C0C}.AppStore|iPhone.Build.0 = AppStore|iPhone
		{56E665BA-82F2-48F8-8C7B-94004AD49C0C}.AppStore|iPhoneSimulator.ActiveCfg = AppStore|iPhoneSimulator
		{56E665BA-82F2-48F8-8C7B-94004AD49C0C}.AppStore|iPhoneSimulator.Build.0 = AppStore|iPhoneSimulator
		{56E665BA-82F2-48F8-8C7B-94004AD49C0C}.AppStore|x64.ActiveCfg = AppStore|iPhone
		{56E665BA-82F2-48F8-8C7B-94004AD49C0C}.AppStore|x86.ActiveCfg = AppStore|iPhone
		{56E665BA-82F2-48F8-8C7B-94004AD49C0C}.Debug|Any CPU.ActiveCfg = Debug|iPhone
		{56E665BA-82F2-48F8-8C7B-94004AD49C0C}.Debug|ARM.ActiveCfg = Debug|iPhone
		{56E665BA-82F2-48F8-8C7B-94004AD49C0C}.Debug|iPhone.ActiveCfg = Debug|iPhone
		{56E665BA-82F2-48F8-8C7B-94004AD49C0C}.Debug|iPhone.Build.0 = Debug|iPhone
		{56E665BA-82F2-48F8-8C7B-94004AD49C0C}.Debug|iPhoneSimulator.ActiveCfg = Debug|iPhoneSimulator
		{56E665BA-82F2-48F8-8C7B-94004AD49C0C}.Debug|iPhoneSimulator.Build.0 = Debug|iPhoneSimulator
		{56E665BA-82F2-48F8-8C7B-94004AD49C0C}.Debug|x64.ActiveCfg = Debug|iPhone
		{56E665BA-82F2-48F8-8C7B-94004AD49C0C}.Debug|x86.ActiveCfg = Debug|iPhone
		{56E665BA-82F2-48F8-8C7B-94004AD49C0C}.Release|Any CPU.ActiveCfg = Release|iPhone
		{56E665BA-82F2-48F8-8C7B-94004AD49C0C}.Release|ARM.ActiveCfg = Release|iPhone
		{56E665BA-82F2-48F8-8C7B-94004AD49C0C}.Release|iPhone.ActiveCfg = Release|iPhone
		{56E665BA-82F2-48F8-8C7B-94004AD49C0C}.Release|iPhone.Build.0 = Release|iPhone
		{56E665BA-82F2-48F8-8C7B-94004AD49C0C}.Release|iPhoneSimulator.ActiveCfg = Release|iPhoneSimulator
		{56E665BA-82F2-48F8-8C7B-94004AD49C0C}.Release|iPhoneSimulator.Build.0 = Release|iPhoneSimulator
		{56E665BA-82F2-48F8-8C7B-94004AD49C0C}.Release|x64.ActiveCfg = Release|iPhone
		{56E665BA-82F2-48F8-8C7B-94004AD49C0C}.Release|x86.ActiveCfg = Release|iPhone
	EndGlobalSection
	GlobalSection(SolutionProperties) = preSolution
		HideSolutionNode = FALSE
	EndGlobalSection
EndGlobal
